
Microsoft Visual Studio Solution File, Format Version 12.00
# Visual Studio Version 17
VisualStudioVersion = 17.5.002.0
MinimumVisualStudioVersion = 10.0.40219.1
Project("{9A19103F-16F7-4668-BE54-9A1E7A4F7556}") = "algoritimos-csharp", "algoritimos-csharp\algoritimos-csharp.csproj", "{B618C4EC-510A-4D11-BA73-C3337526AF24}"
EndProject
Project("{9A19103F-16F7-4668-BE54-9A1E7A4F7556}") = "constantes", "constantes\constantes.csproj", "{373F7536-CC65-451C-A9C6-8A3B3606D840}"
EndProject
Project("{9A19103F-16F7-4668-BE54-9A1E7A4F7556}") = "estrutura-de-escolha", "estrutura-de-escolha\estrutura-de-escolha.csproj", "{9C27D302-5B93-4C07-902A-836770CC3DB5}"
EndProject
Project("{9A19103F-16F7-4668-BE54-9A1E7A4F7556}") = "exercicios", "exercicios\exercicios.csproj", "{3CBC06AC-402C-49D1-8FD6-5AE632137BAB}"
EndProject
Project("{9A19103F-16F7-4668-BE54-9A1E7A4F7556}") = "operadores-aritimeticos", "operadores-aritimeticos\operadores-aritimeticos.csproj", "{2C949BD2-DAE5-4CAD-ACEE-93A58BBB6E76}"
EndProject
Project("{9A19103F-16F7-4668-BE54-9A1E7A4F7556}") = "operadores-logicos", "operadores-logicos\operadores-logicos.csproj", "{F3595029-212A-48DD-BBEB-ACB2064777DF}"
EndProject
Project("{9A19103F-16F7-4668-BE54-9A1E7A4F7556}") = "operadores-relacionais", "operadores-relacionais\operadores-relacionais.csproj", "{CD10F9F8-2BEB-42DD-AB54-2028B3C7B52D}"
EndProject
Project("{9A19103F-16F7-4668-BE54-9A1E7A4F7556}") = "oocsharp", "poocsharp\oocsharp.csproj", "{D80F7FBF-D554-435D-8955-02F1E2D0BB1B}"
EndProject
Project("{9A19103F-16F7-4668-BE54-9A1E7A4F7556}") = "readline", "readline\readline.csproj", "{04EE22B1-D289-4EBD-8E9A-13ECBCAEAEC0}"
EndProject
Project("{9A19103F-16F7-4668-BE54-9A1E7A4F7556}") = "variaveis", "variaveis\variaveis.csproj", "{D289A29B-071E-480D-B290-7232B57A1923}"
EndProject
Global
	GlobalSection(SolutionConfigurationPlatforms) = preSolution
		Debug|Any CPU = Debug|Any CPU
		Release|Any CPU = Release|Any CPU
	EndGlobalSection
	GlobalSection(ProjectConfigurationPlatforms) = postSolution
		{B618C4EC-510A-4D11-BA73-C3337526AF24}.Debug|Any CPU.ActiveCfg = Debug|Any CPU
		{B618C4EC-510A-4D11-BA73-C3337526AF24}.Debug|Any CPU.Build.0 = Debug|Any CPU
		{B618C4EC-510A-4D11-BA73-C3337526AF24}.Release|Any CPU.ActiveCfg = Release|Any CPU
		{B618C4EC-510A-4D11-BA73-C3337526AF24}.Release|Any CPU.Build.0 = Release|Any CPU
		{373F7536-CC65-451C-A9C6-8A3B3606D840}.Debug|Any CPU.ActiveCfg = Debug|Any CPU
		{373F7536-CC65-451C-A9C6-8A3B3606D840}.Debug|Any CPU.Build.0 = Debug|Any CPU
		{373F7536-CC65-451C-A9C6-8A3B3606D840}.Release|Any CPU.ActiveCfg = Release|Any CPU
		{373F7536-CC65-451C-A9C6-8A3B3606D840}.Release|Any CPU.Build.0 = Release|Any CPU
		{9C27D302-5B93-4C07-902A-836770CC3DB5}.Debug|Any CPU.ActiveCfg = Debug|Any CPU
		{9C27D302-5B93-4C07-902A-836770CC3DB5}.Debug|Any CPU.Build.0 = Debug|Any CPU
		{9C27D302-5B93-4C07-902A-836770CC3DB5}.Release|Any CPU.ActiveCfg = Release|Any CPU
		{9C27D302-5B93-4C07-902A-836770CC3DB5}.Release|Any CPU.Build.0 = Release|Any CPU
		{3CBC06AC-402C-49D1-8FD6-5AE632137BAB}.Debug|Any CPU.ActiveCfg = Debug|Any CPU
		{3CBC06AC-402C-49D1-8FD6-5AE632137BAB}.Debug|Any CPU.Build.0 = Debug|Any CPU
		{3CBC06AC-402C-49D1-8FD6-5AE632137BAB}.Release|Any CPU.ActiveCfg = Release|Any CPU
		{3CBC06AC-402C-49D1-8FD6-5AE632137BAB}.Release|Any CPU.Build.0 = Release|Any CPU
		{2C949BD2-DAE5-4CAD-ACEE-93A58BBB6E76}.Debug|Any CPU.ActiveCfg = Debug|Any CPU
		{2C949BD2-DAE5-4CAD-ACEE-93A58BBB6E76}.Debug|Any CPU.Build.0 = Debug|Any CPU
		{2C949BD2-DAE5-4CAD-ACEE-93A58BBB6E76}.Release|Any CPU.ActiveCfg = Release|Any CPU
		{2C949BD2-DAE5-4CAD-ACEE-93A58BBB6E76}.Release|Any CPU.Build.0 = Release|Any CPU
		{F3595029-212A-48DD-BBEB-ACB2064777DF}.Debug|Any CPU.ActiveCfg = Debug|Any CPU
		{F3595029-212A-48DD-BBEB-ACB2064777DF}.Debug|Any CPU.Build.0 = Debug|Any CPU
		{F3595029-212A-48DD-BBEB-ACB2064777DF}.Release|Any CPU.ActiveCfg = Release|Any CPU
		{F3595029-212A-48DD-BBEB-ACB2064777DF}.Release|Any CPU.Build.0 = Release|Any CPU
		{CD10F9F8-2BEB-42DD-AB54-2028B3C7B52D}.Debug|Any CPU.ActiveCfg = Debug|Any CPU
		{CD10F9F8-2BEB-42DD-AB54-2028B3C7B52D}.Debug|Any CPU.Build.0 = Debug|Any CPU
		{CD10F9F8-2BEB-42DD-AB54-2028B3C7B52D}.Release|Any CPU.ActiveCfg = Release|Any CPU
		{CD10F9F8-2BEB-42DD-AB54-2028B3C7B52D}.Release|Any CPU.Build.0 = Release|Any CPU
		{D80F7FBF-D554-435D-8955-02F1E2D0BB1B}.Debug|Any CPU.ActiveCfg = Debug|Any CPU
		{D80F7FBF-D554-435D-8955-02F1E2D0BB1B}.Debug|Any CPU.Build.0 = Debug|Any CPU
		{D80F7FBF-D554-435D-8955-02F1E2D0BB1B}.Release|Any CPU.ActiveCfg = Release|Any CPU
		{D80F7FBF-D554-435D-8955-02F1E2D0BB1B}.Release|Any CPU.Build.0 = Release|Any CPU
		{04EE22B1-D289-4EBD-8E9A-13ECBCAEAEC0}.Debug|Any CPU.ActiveCfg = Debug|Any CPU
		{04EE22B1-D289-4EBD-8E9A-13ECBCAEAEC0}.Debug|Any CPU.Build.0 = Debug|Any CPU
		{04EE22B1-D289-4EBD-8E9A-13ECBCAEAEC0}.Release|Any CPU.ActiveCfg = Release|Any CPU
		{04EE22B1-D289-4EBD-8E9A-13ECBCAEAEC0}.Release|Any CPU.Build.0 = Release|Any CPU
		{D289A29B-071E-480D-B290-7232B57A1923}.Debug|Any CPU.ActiveCfg = Debug|Any CPU
		{D289A29B-071E-480D-B290-7232B57A1923}.Debug|Any CPU.Build.0 = Debug|Any CPU
		{D289A29B-071E-480D-B290-7232B57A1923}.Release|Any CPU.ActiveCfg = Release|Any CPU
		{D289A29B-071E-480D-B290-7232B57A1923}.Release|Any CPU.Build.0 = Release|Any CPU
	EndGlobalSection
	GlobalSection(SolutionProperties) = preSolution
		HideSolutionNode = FALSE
	EndGlobalSection
	GlobalSection(ExtensibilityGlobals) = postSolution
		SolutionGuid = {9FA8F747-43ED-4FA6-9DDD-6D37F70BCA41}
	EndGlobalSection
EndGlobal
